
Microsoft Visual Studio Solution File, Format Version 12.00
# Visual Studio 15
VisualStudioVersion = 15.0.28307.852
MinimumVisualStudioVersion = 10.0.40219.1
Project("{FAE04EC0-301F-11D3-BF4B-00C04F79EFBC}") = "PushMessageToQueue", "PushMessageToQueue\PushMessageToQueue.csproj", "{B93FDE10-DB5F-4B60-835A-702D1AC552AA}"
EndProject
Project("{FAE04EC0-301F-11D3-BF4B-00C04F79EFBC}") = "ReadMessageFromQueue", "ReadMessageFromQueue\ReadMessageFromQueue.csproj", "{D9EAB76E-15DB-4CAB-93AE-B609C9DB266E}"
EndProject
Global
	GlobalSection(SolutionConfigurationPlatforms) = preSolution
		Debug|Any CPU = Debug|Any CPU
		Release|Any CPU = Release|Any CPU
	EndGlobalSection
	GlobalSection(ProjectConfigurationPlatforms) = postSolution
		{B93FDE10-DB5F-4B60-835A-702D1AC552AA}.Debug|Any CPU.ActiveCfg = Debug|Any CPU
		{B93FDE10-DB5F-4B60-835A-702D1AC552AA}.Debug|Any CPU.Build.0 = Debug|Any CPU
		{B93FDE10-DB5F-4B60-835A-702D1AC552AA}.Release|Any CPU.ActiveCfg = Release|Any CPU
		{B93FDE10-DB5F-4B60-835A-702D1AC552AA}.Release|Any CPU.Build.0 = Release|Any CPU
		{D9EAB76E-15DB-4CAB-93AE-B609C9DB266E}.Debug|Any CPU.ActiveCfg = Debug|Any CPU
		{D9EAB76E-15DB-4CAB-93AE-B609C9DB266E}.Debug|Any CPU.Build.0 = Debug|Any CPU
		{D9EAB76E-15DB-4CAB-93AE-B609C9DB266E}.Release|Any CPU.ActiveCfg = Release|Any CPU
		{D9EAB76E-15DB-4CAB-93AE-B609C9DB266E}.Release|Any CPU.Build.0 = Release|Any CPU
	EndGlobalSection
	GlobalSection(SolutionProperties) = preSolution
		HideSolutionNode = FALSE
	EndGlobalSection
	GlobalSection(ExtensibilityGlobals) = postSolution
		SolutionGuid = {AA649389-3D2F-4FB3-B23D-19468FA13078}
	EndGlobalSection
EndGlobal
